
Microsoft Visual Studio Solution File, Format Version 12.00
# Visual Studio Version 17
VisualStudioVersion = 17.4.33213.308
MinimumVisualStudioVersion = 10.0.40219.1
Project("{FAE04EC0-301F-11D3-BF4B-00C04F79EFBC}") = "DataBase Task Project", "DataBase Task Project.csproj", "{1543ED16-A2CC-452D-B8D4-247856B58252}"
EndProject
Global
	GlobalSection(SolutionConfigurationPlatforms) = preSolution
		Debug|Any CPU = Debug|Any CPU
		Release|Any CPU = Release|Any CPU
	EndGlobalSection
	GlobalSection(ProjectConfigurationPlatforms) = postSolution
		{1543ED16-A2CC-452D-B8D4-247856B58252}.Debug|Any CPU.ActiveCfg = Debug|Any CPU
		{1543ED16-A2CC-452D-B8D4-247856B58252}.Debug|Any CPU.Build.0 = Debug|Any CPU
		{1543ED16-A2CC-452D-B8D4-247856B58252}.Release|Any CPU.ActiveCfg = Release|Any CPU
		{1543ED16-A2CC-452D-B8D4-247856B58252}.Release|Any CPU.Build.0 = Release|Any CPU
	EndGlobalSection
	GlobalSection(SolutionProperties) = preSolution
		HideSolutionNode = FALSE
	EndGlobalSection
	GlobalSection(ExtensibilityGlobals) = postSolution
		SolutionGuid = {FEEA234B-D6CB-49C5-8909-327D7B44FD62}
	EndGlobalSection
EndGlobal
